
Microsoft Visual Studio Solution File, Format Version 12.00
# Visual Studio Version 16
VisualStudioVersion = 16.0.32228.343
MinimumVisualStudioVersion = 10.0.40219.1
Project("{FAE04EC0-301F-11D3-BF4B-00C04F79EFBC}") = "Lista", "Lista\Lista.csproj", "{BE6566A6-C153-4ED9-833B-1CEB3A8B920F}"
EndProject
Project("{9A19103F-16F7-4668-BE54-9A1E7A4F7556}") = "linq", "linq\linq.csproj", "{99BAA099-02F0-4600-9652-919DB4FE94EA}"
EndProject
Project("{FAE04EC0-301F-11D3-BF4B-00C04F79EFBC}") = "Tests", "Tests\Tests.csproj", "{5F9D4275-1B91-41DD-8F2E-188FB5BA37F8}"
EndProject
Project("{FAE04EC0-301F-11D3-BF4B-00C04F79EFBC}") = "Main", "Main\Main.csproj", "{92922DD7-C54E-4F13-A984-229733E2768D}"
EndProject
Global
	GlobalSection(SolutionConfigurationPlatforms) = preSolution
		Debug|Any CPU = Debug|Any CPU
		Release|Any CPU = Release|Any CPU
	EndGlobalSection
	GlobalSection(ProjectConfigurationPlatforms) = postSolution
		{BE6566A6-C153-4ED9-833B-1CEB3A8B920F}.Debug|Any CPU.ActiveCfg = Debug|Any CPU
		{BE6566A6-C153-4ED9-833B-1CEB3A8B920F}.Debug|Any CPU.Build.0 = Debug|Any CPU
		{BE6566A6-C153-4ED9-833B-1CEB3A8B920F}.Release|Any CPU.ActiveCfg = Release|Any CPU
		{BE6566A6-C153-4ED9-833B-1CEB3A8B920F}.Release|Any CPU.Build.0 = Release|Any CPU
		{99BAA099-02F0-4600-9652-919DB4FE94EA}.Debug|Any CPU.ActiveCfg = Debug|Any CPU
		{99BAA099-02F0-4600-9652-919DB4FE94EA}.Debug|Any CPU.Build.0 = Debug|Any CPU
		{99BAA099-02F0-4600-9652-919DB4FE94EA}.Release|Any CPU.ActiveCfg = Release|Any CPU
		{99BAA099-02F0-4600-9652-919DB4FE94EA}.Release|Any CPU.Build.0 = Release|Any CPU
		{5F9D4275-1B91-41DD-8F2E-188FB5BA37F8}.Debug|Any CPU.ActiveCfg = Debug|Any CPU
		{5F9D4275-1B91-41DD-8F2E-188FB5BA37F8}.Debug|Any CPU.Build.0 = Debug|Any CPU
		{5F9D4275-1B91-41DD-8F2E-188FB5BA37F8}.Release|Any CPU.ActiveCfg = Release|Any CPU
		{5F9D4275-1B91-41DD-8F2E-188FB5BA37F8}.Release|Any CPU.Build.0 = Release|Any CPU
		{92922DD7-C54E-4F13-A984-229733E2768D}.Debug|Any CPU.ActiveCfg = Debug|Any CPU
		{92922DD7-C54E-4F13-A984-229733E2768D}.Debug|Any CPU.Build.0 = Debug|Any CPU
		{92922DD7-C54E-4F13-A984-229733E2768D}.Release|Any CPU.ActiveCfg = Release|Any CPU
		{92922DD7-C54E-4F13-A984-229733E2768D}.Release|Any CPU.Build.0 = Release|Any CPU
	EndGlobalSection
	GlobalSection(SolutionProperties) = preSolution
		HideSolutionNode = FALSE
	EndGlobalSection
	GlobalSection(ExtensibilityGlobals) = postSolution
		SolutionGuid = {006829EB-27E2-4C60-ABA9-5BE489FF19DA}
	EndGlobalSection
EndGlobal
