
Microsoft Visual Studio Solution File, Format Version 12.00
# Visual Studio Version 16
VisualStudioVersion = 16.0.29709.97
MinimumVisualStudioVersion = 10.0.40219.1
Project("{FAE04EC0-301F-11D3-BF4B-00C04F79EFBC}") = "exam.test.student", "exam.test.list.student\exam.test.student.csproj", "{50D45C6A-1B81-4B96-8A60-0CD4066A4601}"
EndProject
Global
	GlobalSection(SolutionConfigurationPlatforms) = preSolution
		Debug|Any CPU = Debug|Any CPU
		Release|Any CPU = Release|Any CPU
	EndGlobalSection
	GlobalSection(ProjectConfigurationPlatforms) = postSolution
		{50D45C6A-1B81-4B96-8A60-0CD4066A4601}.Debug|Any CPU.ActiveCfg = Debug|Any CPU
		{50D45C6A-1B81-4B96-8A60-0CD4066A4601}.Debug|Any CPU.Build.0 = Debug|Any CPU
		{50D45C6A-1B81-4B96-8A60-0CD4066A4601}.Release|Any CPU.ActiveCfg = Release|Any CPU
		{50D45C6A-1B81-4B96-8A60-0CD4066A4601}.Release|Any CPU.Build.0 = Release|Any CPU
	EndGlobalSection
	GlobalSection(SolutionProperties) = preSolution
		HideSolutionNode = FALSE
	EndGlobalSection
	GlobalSection(ExtensibilityGlobals) = postSolution
		SolutionGuid = {A1BCD173-8C79-4A06-BB59-F201335FA40D}
	EndGlobalSection
EndGlobal
