
Microsoft Visual Studio Solution File, Format Version 12.00
# Visual Studio Version 16
VisualStudioVersion = 16.0.31321.278
MinimumVisualStudioVersion = 10.0.40219.1
Project("{FAE04EC0-301F-11D3-BF4B-00C04F79EFBC}") = "delegates", "delegates\delegates.csproj", "{4B493A1E-5171-4EC9-9026-ABB1CCFACEEB}"
EndProject
Project("{FAE04EC0-301F-11D3-BF4B-00C04F79EFBC}") = "paradigma.funcional", "paradigma.funcional\paradigma.funcional.csproj", "{BD69DB31-7A85-418C-9AB1-91BA93440F54}"
EndProject
Global
	GlobalSection(SolutionConfigurationPlatforms) = preSolution
		Debug|Any CPU = Debug|Any CPU
		Release|Any CPU = Release|Any CPU
	EndGlobalSection
	GlobalSection(ProjectConfigurationPlatforms) = postSolution
		{4B493A1E-5171-4EC9-9026-ABB1CCFACEEB}.Debug|Any CPU.ActiveCfg = Debug|Any CPU
		{4B493A1E-5171-4EC9-9026-ABB1CCFACEEB}.Debug|Any CPU.Build.0 = Debug|Any CPU
		{4B493A1E-5171-4EC9-9026-ABB1CCFACEEB}.Release|Any CPU.ActiveCfg = Release|Any CPU
		{4B493A1E-5171-4EC9-9026-ABB1CCFACEEB}.Release|Any CPU.Build.0 = Release|Any CPU
		{BD69DB31-7A85-418C-9AB1-91BA93440F54}.Debug|Any CPU.ActiveCfg = Debug|Any CPU
		{BD69DB31-7A85-418C-9AB1-91BA93440F54}.Debug|Any CPU.Build.0 = Debug|Any CPU
		{BD69DB31-7A85-418C-9AB1-91BA93440F54}.Release|Any CPU.ActiveCfg = Release|Any CPU
		{BD69DB31-7A85-418C-9AB1-91BA93440F54}.Release|Any CPU.Build.0 = Release|Any CPU
	EndGlobalSection
	GlobalSection(SolutionProperties) = preSolution
		HideSolutionNode = FALSE
	EndGlobalSection
	GlobalSection(ExtensibilityGlobals) = postSolution
		SolutionGuid = {DA6C37E0-08C3-4B9D-B644-C6633622FC8B}
	EndGlobalSection
EndGlobal
