
Microsoft Visual Studio Solution File, Format Version 12.00
# Visual Studio Version 16
VisualStudioVersion = 16.0.810.12
MinimumVisualStudioVersion = 10.0.40219.1
Project("{FAE04EC0-301F-11D3-BF4B-00C04F79EFBC}") = "parameters", "parameters\parameters.csproj", "{C67A3AB8-FFBC-406E-ACD5-C01FBAD31A8E}"
EndProject
Global
	GlobalSection(SolutionConfigurationPlatforms) = preSolution
		Debug|Any CPU = Debug|Any CPU
		Release|Any CPU = Release|Any CPU
	EndGlobalSection
	GlobalSection(ProjectConfigurationPlatforms) = postSolution
		{C67A3AB8-FFBC-406E-ACD5-C01FBAD31A8E}.Debug|Any CPU.ActiveCfg = Debug|Any CPU
		{C67A3AB8-FFBC-406E-ACD5-C01FBAD31A8E}.Debug|Any CPU.Build.0 = Debug|Any CPU
		{C67A3AB8-FFBC-406E-ACD5-C01FBAD31A8E}.Release|Any CPU.ActiveCfg = Release|Any CPU
		{C67A3AB8-FFBC-406E-ACD5-C01FBAD31A8E}.Release|Any CPU.Build.0 = Release|Any CPU
	EndGlobalSection
	GlobalSection(SolutionProperties) = preSolution
		HideSolutionNode = FALSE
	EndGlobalSection
	GlobalSection(ExtensibilityGlobals) = postSolution
		SolutionGuid = {C340C29F-F108-479D-96D7-2C9C437AE7A6}
	EndGlobalSection
EndGlobal
