
Microsoft Visual Studio Solution File, Format Version 12.00
# Visual Studio Version 17
VisualStudioVersion = 17.0.32112.339
MinimumVisualStudioVersion = 10.0.40219.1
Project("{9A19103F-16F7-4668-BE54-9A1E7A4F7556}") = "linq", "practica7\linq\linq.csproj", "{65737E81-827D-473F-A780-C3F21C4A0E83}"
EndProject
Project("{9A19103F-16F7-4668-BE54-9A1E7A4F7556}") = "model", "practica8\model\model.csproj", "{A306C958-8AB1-47AF-B154-78CB7851763A}"
EndProject
Project("{9A19103F-16F7-4668-BE54-9A1E7A4F7556}") = "queries", "practica8\queries\queries.csproj", "{F6E0BB6E-B753-4989-9A68-77DA9318C707}"
EndProject
Project("{FAE04EC0-301F-11D3-BF4B-00C04F79EFBC}") = "Clases", "practica7\Clases\Clases.csproj", "{75D2917C-1EEA-4EB4-8A7A-BBDD89E17D1F}"
EndProject
Project("{9A19103F-16F7-4668-BE54-9A1E7A4F7556}") = "ListTestsv0", "practica7\ListTestsv0\ListTestsv0.csproj", "{8FD0A37F-7723-436C-88DC-C304510C999B}"
EndProject
Global
	GlobalSection(SolutionConfigurationPlatforms) = preSolution
		Debug|Any CPU = Debug|Any CPU
		Release|Any CPU = Release|Any CPU
	EndGlobalSection
	GlobalSection(ProjectConfigurationPlatforms) = postSolution
		{65737E81-827D-473F-A780-C3F21C4A0E83}.Debug|Any CPU.ActiveCfg = Debug|Any CPU
		{65737E81-827D-473F-A780-C3F21C4A0E83}.Debug|Any CPU.Build.0 = Debug|Any CPU
		{65737E81-827D-473F-A780-C3F21C4A0E83}.Release|Any CPU.ActiveCfg = Release|Any CPU
		{65737E81-827D-473F-A780-C3F21C4A0E83}.Release|Any CPU.Build.0 = Release|Any CPU
		{A306C958-8AB1-47AF-B154-78CB7851763A}.Debug|Any CPU.ActiveCfg = Debug|Any CPU
		{A306C958-8AB1-47AF-B154-78CB7851763A}.Debug|Any CPU.Build.0 = Debug|Any CPU
		{A306C958-8AB1-47AF-B154-78CB7851763A}.Release|Any CPU.ActiveCfg = Release|Any CPU
		{A306C958-8AB1-47AF-B154-78CB7851763A}.Release|Any CPU.Build.0 = Release|Any CPU
		{F6E0BB6E-B753-4989-9A68-77DA9318C707}.Debug|Any CPU.ActiveCfg = Debug|Any CPU
		{F6E0BB6E-B753-4989-9A68-77DA9318C707}.Debug|Any CPU.Build.0 = Debug|Any CPU
		{F6E0BB6E-B753-4989-9A68-77DA9318C707}.Release|Any CPU.ActiveCfg = Release|Any CPU
		{F6E0BB6E-B753-4989-9A68-77DA9318C707}.Release|Any CPU.Build.0 = Release|Any CPU
		{75D2917C-1EEA-4EB4-8A7A-BBDD89E17D1F}.Debug|Any CPU.ActiveCfg = Debug|Any CPU
		{75D2917C-1EEA-4EB4-8A7A-BBDD89E17D1F}.Debug|Any CPU.Build.0 = Debug|Any CPU
		{75D2917C-1EEA-4EB4-8A7A-BBDD89E17D1F}.Release|Any CPU.ActiveCfg = Release|Any CPU
		{75D2917C-1EEA-4EB4-8A7A-BBDD89E17D1F}.Release|Any CPU.Build.0 = Release|Any CPU
		{8FD0A37F-7723-436C-88DC-C304510C999B}.Debug|Any CPU.ActiveCfg = Debug|Any CPU
		{8FD0A37F-7723-436C-88DC-C304510C999B}.Debug|Any CPU.Build.0 = Debug|Any CPU
		{8FD0A37F-7723-436C-88DC-C304510C999B}.Release|Any CPU.ActiveCfg = Release|Any CPU
		{8FD0A37F-7723-436C-88DC-C304510C999B}.Release|Any CPU.Build.0 = Release|Any CPU
	EndGlobalSection
	GlobalSection(SolutionProperties) = preSolution
		HideSolutionNode = FALSE
	EndGlobalSection
	GlobalSection(ExtensibilityGlobals) = postSolution
		SolutionGuid = {B7C655A7-1998-499B-B11F-F73CCA990FA8}
	EndGlobalSection
EndGlobal
